
Microsoft Visual Studio Solution File, Format Version 12.00
# Visual Studio Version 17
VisualStudioVersion = 17.14.36109.1 d17.14
MinimumVisualStudioVersion = 10.0.40219.1
Project("{FAE04EC0-301F-11D3-BF4B-00C04F79EFBC}") = "WatchSystem", "WatchSystem\WatchSystem.csproj", "{45C606EA-0211-4E27-B891-114DBE25B046}"
EndProject
Global
	GlobalSection(SolutionConfigurationPlatforms) = preSolution
		Debug|Any CPU = Debug|Any CPU
		Release|Any CPU = Release|Any CPU
	EndGlobalSection
	GlobalSection(ProjectConfigurationPlatforms) = postSolution
		{45C606EA-0211-4E27-B891-114DBE25B046}.Debug|Any CPU.ActiveCfg = Debug|Any CPU
		{45C606EA-0211-4E27-B891-114DBE25B046}.Debug|Any CPU.Build.0 = Debug|Any CPU
		{45C606EA-0211-4E27-B891-114DBE25B046}.Release|Any CPU.ActiveCfg = Release|Any CPU
		{45C606EA-0211-4E27-B891-114DBE25B046}.Release|Any CPU.Build.0 = Release|Any CPU
	EndGlobalSection
	GlobalSection(SolutionProperties) = preSolution
		HideSolutionNode = FALSE
	EndGlobalSection
	GlobalSection(ExtensibilityGlobals) = postSolution
		SolutionGuid = {14EE9C6C-BE07-4A70-AE7A-A50CC9190488}
	EndGlobalSection
EndGlobal
